
Microsoft Visual Studio Solution File, Format Version 12.00
# Visual Studio 14
VisualStudioVersion = 14.0.25420.1
MinimumVisualStudioVersion = 10.0.40219.1
Project("{FAE04EC0-301F-11D3-BF4B-00C04F79EFBC}") = "ACTWebSocket", "ACTWebSocket.Loader\ACTWebSocket.csproj", "{77632F40-9B68-4321-9090-6692FB06CE45}"
EndProject
Project("{FAE04EC0-301F-11D3-BF4B-00C04F79EFBC}") = "ACTWebSocket.Core", "ACTWebSocket.Core\ACTWebSocket.Core.csproj", "{41EFD039-54EF-41B6-8737-1DA118AF2FE0}"
EndProject
Global
	GlobalSection(SolutionConfigurationPlatforms) = preSolution
		Debug|Any CPU = Debug|Any CPU
		Release|Any CPU = Release|Any CPU
	EndGlobalSection
	GlobalSection(ProjectConfigurationPlatforms) = postSolution
		{77632F40-9B68-4321-9090-6692FB06CE45}.Debug|Any CPU.ActiveCfg = Debug|Any CPU
		{77632F40-9B68-4321-9090-6692FB06CE45}.Debug|Any CPU.Build.0 = Debug|Any CPU
		{77632F40-9B68-4321-9090-6692FB06CE45}.Release|Any CPU.ActiveCfg = Release|Any CPU
		{77632F40-9B68-4321-9090-6692FB06CE45}.Release|Any CPU.Build.0 = Release|Any CPU
		{41EFD039-54EF-41B6-8737-1DA118AF2FE0}.Debug|Any CPU.ActiveCfg = Debug|Any CPU
		{41EFD039-54EF-41B6-8737-1DA118AF2FE0}.Debug|Any CPU.Build.0 = Debug|Any CPU
		{41EFD039-54EF-41B6-8737-1DA118AF2FE0}.Release|Any CPU.ActiveCfg = Release|Any CPU
		{41EFD039-54EF-41B6-8737-1DA118AF2FE0}.Release|Any CPU.Build.0 = Release|Any CPU
		{BADB59FB-1A14-42AF-B314-152C4787F437}.Debug|Any CPU.ActiveCfg = Debug|Any CPU
		{BADB59FB-1A14-42AF-B314-152C4787F437}.Debug|Any CPU.Build.0 = Debug|Any CPU
		{BADB59FB-1A14-42AF-B314-152C4787F437}.Release|Any CPU.ActiveCfg = Release|Any CPU
		{BADB59FB-1A14-42AF-B314-152C4787F437}.Release|Any CPU.Build.0 = Release|Any CPU
	EndGlobalSection
	GlobalSection(SolutionProperties) = preSolution
		HideSolutionNode = FALSE
	EndGlobalSection
EndGlobal
